
Microsoft Visual Studio Solution File, Format Version 12.00
# Visual Studio Version 17
VisualStudioVersion = 17.1.32228.430
MinimumVisualStudioVersion = 10.0.40219.1
Project("{9A19103F-16F7-4668-BE54-9A1E7A4F7556}") = "ExampleAsync", "ExampleAsync.csproj", "{37B18FB2-C827-4FD4-9A41-B8B092D53F46}"
EndProject
Global
	GlobalSection(SolutionConfigurationPlatforms) = preSolution
		Debug|Any CPU = Debug|Any CPU
		Release|Any CPU = Release|Any CPU
	EndGlobalSection
	GlobalSection(ProjectConfigurationPlatforms) = postSolution
		{37B18FB2-C827-4FD4-9A41-B8B092D53F46}.Debug|Any CPU.ActiveCfg = Debug|Any CPU
		{37B18FB2-C827-4FD4-9A41-B8B092D53F46}.Debug|Any CPU.Build.0 = Debug|Any CPU
		{37B18FB2-C827-4FD4-9A41-B8B092D53F46}.Release|Any CPU.ActiveCfg = Release|Any CPU
		{37B18FB2-C827-4FD4-9A41-B8B092D53F46}.Release|Any CPU.Build.0 = Release|Any CPU
	EndGlobalSection
	GlobalSection(SolutionProperties) = preSolution
		HideSolutionNode = FALSE
	EndGlobalSection
	GlobalSection(ExtensibilityGlobals) = postSolution
		SolutionGuid = {3613EB63-E684-42A2-AF42-16E64B4F580E}
	EndGlobalSection
EndGlobal
